
Microsoft Visual Studio Solution File, Format Version 12.00
# Visual Studio 15
VisualStudioVersion = 15.0.28307.421
MinimumVisualStudioVersion = 10.0.40219.1
Project("{9A19103F-16F7-4668-BE54-9A1E7A4F7556}") = "01Task", "01Task\01Task.csproj", "{14434F05-4D1D-4CF3-81F9-A9201DF08CB6}"
EndProject
Project("{9A19103F-16F7-4668-BE54-9A1E7A4F7556}") = "02Task", "02Task\02Task.csproj", "{71DFDF8D-5A54-4025-9EA9-7554597CF29C}"
EndProject
Project("{9A19103F-16F7-4668-BE54-9A1E7A4F7556}") = "03Task", "03Task\03Task.csproj", "{010DDFC8-372E-4662-8849-BE5D075A4EAA}"
EndProject
Project("{9A19103F-16F7-4668-BE54-9A1E7A4F7556}") = "04Task", "04Task\04Task.csproj", "{883B6E02-FE9E-4C2E-9952-50FF6A4C05A6}"
EndProject
Project("{9A19103F-16F7-4668-BE54-9A1E7A4F7556}") = "05Task", "05Task\05Task.csproj", "{2DE2C8CC-B907-48E7-8209-851C49A1A19E}"
EndProject
Project("{9A19103F-16F7-4668-BE54-9A1E7A4F7556}") = "06Task", "06Task\06Task.csproj", "{22F0B5F1-60FF-4536-BB58-DB6185BBFDD4}"
EndProject
Project("{9A19103F-16F7-4668-BE54-9A1E7A4F7556}") = "07Task", "07Task\07Task.csproj", "{F24D0092-40E4-4648-856F-824B150135A7}"
EndProject
Project("{9A19103F-16F7-4668-BE54-9A1E7A4F7556}") = "08Task", "08Task\08Task.csproj", "{780B3878-C21B-4B45-8638-24B2495FE568}"
EndProject
Project("{9A19103F-16F7-4668-BE54-9A1E7A4F7556}") = "09Task", "09Task\09Task.csproj", "{DED472EA-76AC-4F8A-B1C5-16F8B1FFBD07}"
EndProject
Project("{9A19103F-16F7-4668-BE54-9A1E7A4F7556}") = "10Task", "10Task\10Task.csproj", "{74AE82E9-BA9E-4E0F-A84D-BB4E2B188158}"
EndProject
Project("{9A19103F-16F7-4668-BE54-9A1E7A4F7556}") = "11Task", "11Task\11Task.csproj", "{567958CB-B11E-4F08-AF78-9A561BE76A95}"
EndProject
Project("{9A19103F-16F7-4668-BE54-9A1E7A4F7556}") = "12Task", "12Task\12Task.csproj", "{425B6338-3369-42C0-BE20-947712396010}"
EndProject
Project("{FAE04EC0-301F-11D3-BF4B-00C04F79EFBC}") = "13Task", "13Task\13Task.csproj", "{9A729626-854F-4EA3-A40A-402338563129}"
EndProject
Global
	GlobalSection(SolutionConfigurationPlatforms) = preSolution
		Debug|Any CPU = Debug|Any CPU
		Release|Any CPU = Release|Any CPU
	EndGlobalSection
	GlobalSection(ProjectConfigurationPlatforms) = postSolution
		{14434F05-4D1D-4CF3-81F9-A9201DF08CB6}.Debug|Any CPU.ActiveCfg = Debug|Any CPU
		{14434F05-4D1D-4CF3-81F9-A9201DF08CB6}.Debug|Any CPU.Build.0 = Debug|Any CPU
		{14434F05-4D1D-4CF3-81F9-A9201DF08CB6}.Release|Any CPU.ActiveCfg = Release|Any CPU
		{14434F05-4D1D-4CF3-81F9-A9201DF08CB6}.Release|Any CPU.Build.0 = Release|Any CPU
		{71DFDF8D-5A54-4025-9EA9-7554597CF29C}.Debug|Any CPU.ActiveCfg = Debug|Any CPU
		{71DFDF8D-5A54-4025-9EA9-7554597CF29C}.Debug|Any CPU.Build.0 = Debug|Any CPU
		{71DFDF8D-5A54-4025-9EA9-7554597CF29C}.Release|Any CPU.ActiveCfg = Release|Any CPU
		{71DFDF8D-5A54-4025-9EA9-7554597CF29C}.Release|Any CPU.Build.0 = Release|Any CPU
		{010DDFC8-372E-4662-8849-BE5D075A4EAA}.Debug|Any CPU.ActiveCfg = Debug|Any CPU
		{010DDFC8-372E-4662-8849-BE5D075A4EAA}.Debug|Any CPU.Build.0 = Debug|Any CPU
		{010DDFC8-372E-4662-8849-BE5D075A4EAA}.Release|Any CPU.ActiveCfg = Release|Any CPU
		{010DDFC8-372E-4662-8849-BE5D075A4EAA}.Release|Any CPU.Build.0 = Release|Any CPU
		{883B6E02-FE9E-4C2E-9952-50FF6A4C05A6}.Debug|Any CPU.ActiveCfg = Debug|Any CPU
		{883B6E02-FE9E-4C2E-9952-50FF6A4C05A6}.Debug|Any CPU.Build.0 = Debug|Any CPU
		{883B6E02-FE9E-4C2E-9952-50FF6A4C05A6}.Release|Any CPU.ActiveCfg = Release|Any CPU
		{883B6E02-FE9E-4C2E-9952-50FF6A4C05A6}.Release|Any CPU.Build.0 = Release|Any CPU
		{2DE2C8CC-B907-48E7-8209-851C49A1A19E}.Debug|Any CPU.ActiveCfg = Debug|Any CPU
		{2DE2C8CC-B907-48E7-8209-851C49A1A19E}.Debug|Any CPU.Build.0 = Debug|Any CPU
		{2DE2C8CC-B907-48E7-8209-851C49A1A19E}.Release|Any CPU.ActiveCfg = Release|Any CPU
		{2DE2C8CC-B907-48E7-8209-851C49A1A19E}.Release|Any CPU.Build.0 = Release|Any CPU
		{22F0B5F1-60FF-4536-BB58-DB6185BBFDD4}.Debug|Any CPU.ActiveCfg = Debug|Any CPU
		{22F0B5F1-60FF-4536-BB58-DB6185BBFDD4}.Debug|Any CPU.Build.0 = Debug|Any CPU
		{22F0B5F1-60FF-4536-BB58-DB6185BBFDD4}.Release|Any CPU.ActiveCfg = Release|Any CPU
		{22F0B5F1-60FF-4536-BB58-DB6185BBFDD4}.Release|Any CPU.Build.0 = Release|Any CPU
		{F24D0092-40E4-4648-856F-824B150135A7}.Debug|Any CPU.ActiveCfg = Debug|Any CPU
		{F24D0092-40E4-4648-856F-824B150135A7}.Debug|Any CPU.Build.0 = Debug|Any CPU
		{F24D0092-40E4-4648-856F-824B150135A7}.Release|Any CPU.ActiveCfg = Release|Any CPU
		{F24D0092-40E4-4648-856F-824B150135A7}.Release|Any CPU.Build.0 = Release|Any CPU
		{780B3878-C21B-4B45-8638-24B2495FE568}.Debug|Any CPU.ActiveCfg = Debug|Any CPU
		{780B3878-C21B-4B45-8638-24B2495FE568}.Debug|Any CPU.Build.0 = Debug|Any CPU
		{780B3878-C21B-4B45-8638-24B2495FE568}.Release|Any CPU.ActiveCfg = Release|Any CPU
		{780B3878-C21B-4B45-8638-24B2495FE568}.Release|Any CPU.Build.0 = Release|Any CPU
		{DED472EA-76AC-4F8A-B1C5-16F8B1FFBD07}.Debug|Any CPU.ActiveCfg = Debug|Any CPU
		{DED472EA-76AC-4F8A-B1C5-16F8B1FFBD07}.Debug|Any CPU.Build.0 = Debug|Any CPU
		{DED472EA-76AC-4F8A-B1C5-16F8B1FFBD07}.Release|Any CPU.ActiveCfg = Release|Any CPU
		{DED472EA-76AC-4F8A-B1C5-16F8B1FFBD07}.Release|Any CPU.Build.0 = Release|Any CPU
		{74AE82E9-BA9E-4E0F-A84D-BB4E2B188158}.Debug|Any CPU.ActiveCfg = Debug|Any CPU
		{74AE82E9-BA9E-4E0F-A84D-BB4E2B188158}.Debug|Any CPU.Build.0 = Debug|Any CPU
		{74AE82E9-BA9E-4E0F-A84D-BB4E2B188158}.Release|Any CPU.ActiveCfg = Release|Any CPU
		{74AE82E9-BA9E-4E0F-A84D-BB4E2B188158}.Release|Any CPU.Build.0 = Release|Any CPU
		{567958CB-B11E-4F08-AF78-9A561BE76A95}.Debug|Any CPU.ActiveCfg = Debug|Any CPU
		{567958CB-B11E-4F08-AF78-9A561BE76A95}.Debug|Any CPU.Build.0 = Debug|Any CPU
		{567958CB-B11E-4F08-AF78-9A561BE76A95}.Release|Any CPU.ActiveCfg = Release|Any CPU
		{567958CB-B11E-4F08-AF78-9A561BE76A95}.Release|Any CPU.Build.0 = Release|Any CPU
		{425B6338-3369-42C0-BE20-947712396010}.Debug|Any CPU.ActiveCfg = Debug|Any CPU
		{425B6338-3369-42C0-BE20-947712396010}.Debug|Any CPU.Build.0 = Debug|Any CPU
		{425B6338-3369-42C0-BE20-947712396010}.Release|Any CPU.ActiveCfg = Release|Any CPU
		{425B6338-3369-42C0-BE20-947712396010}.Release|Any CPU.Build.0 = Release|Any CPU
		{9A729626-854F-4EA3-A40A-402338563129}.Debug|Any CPU.ActiveCfg = Debug|Any CPU
		{9A729626-854F-4EA3-A40A-402338563129}.Debug|Any CPU.Build.0 = Debug|Any CPU
		{9A729626-854F-4EA3-A40A-402338563129}.Release|Any CPU.ActiveCfg = Release|Any CPU
		{9A729626-854F-4EA3-A40A-402338563129}.Release|Any CPU.Build.0 = Release|Any CPU
	EndGlobalSection
	GlobalSection(SolutionProperties) = preSolution
		HideSolutionNode = FALSE
	EndGlobalSection
	GlobalSection(ExtensibilityGlobals) = postSolution
		SolutionGuid = {4687575E-B169-4813-A6CC-791D0A3161EF}
	EndGlobalSection
EndGlobal
